github.com/coreos/etcd v3.3.4+incompatible h1:jkDvc1ZyHw2mY2UsX66y+GHKPIIN7RhdBRDsr8m94Xg=
github.com/coreos/etcd v3.3.4+incompatible/go.mod h1:uF7uidLiAD3TWHmW31ZFd/JWoc32PjwdhPthX9715RE=
github.com/gogo/protobuf v0.0.0-20171007142547-342cbe0a0415 h1:WSBJMqJbLxsn+bTCPyPYZfqHdJmc8MK4wrBjMft6BAM=
github.com/gogo/protobuf v0.0.0-20171007142547-342cbe0a0415/go.mod h1:r8qH/GZQm5c6nD/R0oafs1akxWv10x8SbQlK7atdtwQ=
github.com/golang/protobuf v1.1.0 h1:0iH4Ffd/meGoXqF2lSAhZHt8X+cPgkfn/cb6Cce5Vpc=
github.com/golang/protobuf v1.1.0/go.mod h1:6lQm79b+lXiMfvg/cZm0SGofjICqVBUtrP5yJMmIC1U=
golang.org/x/net v0.0.0-20180502164142-640f4622ab69 h1:+Ybm3UzSfPpp+Hlr62ZTCtbC9DmCKX61f0r74+peGts=
golang.org/x/net v0.0.0-20180502164142-640f4622ab69/go.mod h1:mL1N/T3taQHkDXs73rZJwtUhF3w3ftmwwsq0BUmARs4=
golang.org/x/text v0.3.0 h1:g61tztE5qeGQ89tm6NTjjM9VPIm088od1l6aSorWRWg=
golang.org/x/text v0.3.0/go.mod h1:NqM8EUOU14njkJ3fqMW+pc6Ldnwhi/IjpwHt7yyuwOQ=
google.golang.org/genproto v0.0.0-20180427144745-86e600f69ee4 h1:0rk3/gV3HbvCeUzVMhdxV3TEVKMVPDnayjN7sYRmcxY=
google.golang.org/genproto v0.0.0-20180427144745-86e600f69ee4/go.mod h1:JiN7NxoALGmiZfu7CAH4rXhgtRTLTxftemlI0sWmxmc=
google.golang.org/grpc v1.7.5 h1:0AhjqP7cn9oG7PAMkSh8hCCtUTdXdOe+85Wsbi3vhms=
google.golang.org/grpc v1.7.5/go.mod h1:yo6s7OP7yaDglbqo1J04qKzAhqBH6lvTonzMVmEdcZw=
gopkg.in/check.v1 v0.0.0-20161208181325-20d25e280405/go.mod h1:Co6ibVJAznAaIkqp8huTwlJQCZ016jof/cbN4VW5Yz0=
gopkg.in/yaml.v2 v2.2.1 h1:mUhvW9EsL+naU5Q3cakzfE91YhliOondGd6ZrsDBHQE=
gopkg.in/yaml.v2 v2.2.1/go.mod h1:hI93XBmqTisBFMUTm0b8Fm+jr3Dg1NNxqwp+5A1VGuI=
